
Microsoft Visual Studio Solution File, Format Version 12.00
# Visual Studio 2015
Project("{FAE04EC0-301F-11D3-BF4B-00C04F79EFBC}") = "TobeUnitychan.CSharp", "TobeUnitychan.CSharp.csproj", "{9DE18732-FF14-E0BF-0C02-0BB7258E3D15}"
EndProject
Global
	GlobalSection(SolutionConfigurationPlatforms) = preSolution
		Debug|Any CPU = Debug|Any CPU
		Release|Any CPU = Release|Any CPU
	EndGlobalSection
	GlobalSection(ProjectConfigurationPlatforms) = postSolution
		{9DE18732-FF14-E0BF-0C02-0BB7258E3D15}.Debug|Any CPU.ActiveCfg = Debug|Any CPU
		{9DE18732-FF14-E0BF-0C02-0BB7258E3D15}.Debug|Any CPU.Build.0 = Debug|Any CPU
		{9DE18732-FF14-E0BF-0C02-0BB7258E3D15}.Release|Any CPU.ActiveCfg = Release|Any CPU
		{9DE18732-FF14-E0BF-0C02-0BB7258E3D15}.Release|Any CPU.Build.0 = Release|Any CPU
	EndGlobalSection
	GlobalSection(SolutionProperties) = preSolution
		HideSolutionNode = FALSE
	EndGlobalSection
EndGlobal
